
Microsoft Visual Studio Solution File, Format Version 12.00
# Visual Studio 2013
VisualStudioVersion = 12.0.21005.1
MinimumVisualStudioVersion = 10.0.40219.1
Project("{FAE04EC0-301F-11D3-BF4B-00C04F79EFBC}") = "ObserverDemo", "ObserverDemo\ObserverDemo.csproj", "{B1DDF018-A731-4ED0-8C4D-4C4C7560EF56}"
EndProject
Global
	GlobalSection(SolutionConfigurationPlatforms) = preSolution
		Debug|Any CPU = Debug|Any CPU
		Release|Any CPU = Release|Any CPU
	EndGlobalSection
	GlobalSection(ProjectConfigurationPlatforms) = postSolution
		{B1DDF018-A731-4ED0-8C4D-4C4C7560EF56}.Debug|Any CPU.ActiveCfg = Debug|Any CPU
		{B1DDF018-A731-4ED0-8C4D-4C4C7560EF56}.Debug|Any CPU.Build.0 = Debug|Any CPU
		{B1DDF018-A731-4ED0-8C4D-4C4C7560EF56}.Release|Any CPU.ActiveCfg = Release|Any CPU
		{B1DDF018-A731-4ED0-8C4D-4C4C7560EF56}.Release|Any CPU.Build.0 = Release|Any CPU
	EndGlobalSection
	GlobalSection(SolutionProperties) = preSolution
		HideSolutionNode = FALSE
	EndGlobalSection
EndGlobal
