
Microsoft Visual Studio Solution File, Format Version 9.00
# Visual Studio 2005
Project("{FAE04EC0-301F-11D3-BF4B-00C04F79EFBC}") = "OODemo", "OODemo\OODemo.csproj", "{187ABC75-D192-4AA9-A181-56CA9CD3375B}"
EndProject
Project("{2150E333-8FDC-42A3-9474-1A3956D46DE8}") = "Solution Items", "Solution Items", "{B10EF36C-2BBD-4EAC-AA5E-776D979B3297}"
	ProjectSection(SolutionItems) = preProject
		OODemo.vsd = OODemo.vsd
	EndProjectSection
EndProject
Global
	GlobalSection(SolutionConfigurationPlatforms) = preSolution
		Debug|Any CPU = Debug|Any CPU
		Release|Any CPU = Release|Any CPU
	EndGlobalSection
	GlobalSection(ProjectConfigurationPlatforms) = postSolution
		{187ABC75-D192-4AA9-A181-56CA9CD3375B}.Debug|Any CPU.ActiveCfg = Debug|Any CPU
		{187ABC75-D192-4AA9-A181-56CA9CD3375B}.Debug|Any CPU.Build.0 = Debug|Any CPU
		{187ABC75-D192-4AA9-A181-56CA9CD3375B}.Release|Any CPU.ActiveCfg = Release|Any CPU
		{187ABC75-D192-4AA9-A181-56CA9CD3375B}.Release|Any CPU.Build.0 = Release|Any CPU
	EndGlobalSection
	GlobalSection(SolutionProperties) = preSolution
		HideSolutionNode = FALSE
	EndGlobalSection
EndGlobal
