
Microsoft Visual Studio Solution File, Format Version 12.00
# Visual Studio 2013
VisualStudioVersion = 12.0.40629.0
MinimumVisualStudioVersion = 10.0.40219.1
Project("{2150E333-8FDC-42A3-9474-1A3956D46DE8}") = "Solution Items", "Solution Items", "{51AAA884-13B1-4888-94C7-8E8866F42613}"
	ProjectSection(SolutionItems) = preProject
		AbstractFactoryDemo.vsd = AbstractFactoryDemo.vsd
	EndProjectSection
EndProject
Project("{FAE04EC0-301F-11D3-BF4B-00C04F79EFBC}") = "AbstractFactoryDemo", "AbstractFactoryDemo\AbstractFactoryDemo.csproj", "{403D1D73-1DEF-48BB-91FB-4BB1D68EAB82}"
EndProject
Project("{FAE04EC0-301F-11D3-BF4B-00C04F79EFBC}") = "DBSubsystemInterface", "DBSubsystemInterface\DBSubsystemInterface.csproj", "{C6141055-9683-40EB-B2B5-5CF73EE3C138}"
EndProject
Project("{FAE04EC0-301F-11D3-BF4B-00C04F79EFBC}") = "DbSubsystem", "DbSubsystem\DbSubsystem.csproj", "{3FAB0065-CD56-4609-8E01-C7E03B8610E7}"
EndProject
Project("{FAE04EC0-301F-11D3-BF4B-00C04F79EFBC}") = "NewSubsystemImp", "NewSubsystemImp\NewSubsystemImp.csproj", "{DA08CCE5-98BB-40C8-BE27-392B52D97090}"
EndProject
Project("{FAE04EC0-301F-11D3-BF4B-00C04F79EFBC}") = "MySqlDBSubSystem", "MySqlDBSubSystem\MySqlDBSubSystem.csproj", "{4B3D6C87-9D13-44C1-B012-AF6B9F54089B}"
EndProject
Global
	GlobalSection(SolutionConfigurationPlatforms) = preSolution
		Debug|Any CPU = Debug|Any CPU
		Release|Any CPU = Release|Any CPU
	EndGlobalSection
	GlobalSection(ProjectConfigurationPlatforms) = postSolution
		{403D1D73-1DEF-48BB-91FB-4BB1D68EAB82}.Debug|Any CPU.ActiveCfg = Debug|Any CPU
		{403D1D73-1DEF-48BB-91FB-4BB1D68EAB82}.Debug|Any CPU.Build.0 = Debug|Any CPU
		{403D1D73-1DEF-48BB-91FB-4BB1D68EAB82}.Release|Any CPU.ActiveCfg = Release|Any CPU
		{403D1D73-1DEF-48BB-91FB-4BB1D68EAB82}.Release|Any CPU.Build.0 = Release|Any CPU
		{C6141055-9683-40EB-B2B5-5CF73EE3C138}.Debug|Any CPU.ActiveCfg = Debug|Any CPU
		{C6141055-9683-40EB-B2B5-5CF73EE3C138}.Debug|Any CPU.Build.0 = Debug|Any CPU
		{C6141055-9683-40EB-B2B5-5CF73EE3C138}.Release|Any CPU.ActiveCfg = Release|Any CPU
		{C6141055-9683-40EB-B2B5-5CF73EE3C138}.Release|Any CPU.Build.0 = Release|Any CPU
		{3FAB0065-CD56-4609-8E01-C7E03B8610E7}.Debug|Any CPU.ActiveCfg = Debug|Any CPU
		{3FAB0065-CD56-4609-8E01-C7E03B8610E7}.Debug|Any CPU.Build.0 = Debug|Any CPU
		{3FAB0065-CD56-4609-8E01-C7E03B8610E7}.Release|Any CPU.ActiveCfg = Release|Any CPU
		{3FAB0065-CD56-4609-8E01-C7E03B8610E7}.Release|Any CPU.Build.0 = Release|Any CPU
		{DA08CCE5-98BB-40C8-BE27-392B52D97090}.Debug|Any CPU.ActiveCfg = Debug|Any CPU
		{DA08CCE5-98BB-40C8-BE27-392B52D97090}.Debug|Any CPU.Build.0 = Debug|Any CPU
		{DA08CCE5-98BB-40C8-BE27-392B52D97090}.Release|Any CPU.ActiveCfg = Release|Any CPU
		{DA08CCE5-98BB-40C8-BE27-392B52D97090}.Release|Any CPU.Build.0 = Release|Any CPU
		{4B3D6C87-9D13-44C1-B012-AF6B9F54089B}.Debug|Any CPU.ActiveCfg = Debug|Any CPU
		{4B3D6C87-9D13-44C1-B012-AF6B9F54089B}.Debug|Any CPU.Build.0 = Debug|Any CPU
		{4B3D6C87-9D13-44C1-B012-AF6B9F54089B}.Release|Any CPU.ActiveCfg = Release|Any CPU
		{4B3D6C87-9D13-44C1-B012-AF6B9F54089B}.Release|Any CPU.Build.0 = Release|Any CPU
	EndGlobalSection
	GlobalSection(SolutionProperties) = preSolution
		HideSolutionNode = FALSE
	EndGlobalSection
EndGlobal
