
Microsoft Visual Studio Solution File, Format Version 12.00
# Visual Studio 2013
VisualStudioVersion = 12.0.21005.1
MinimumVisualStudioVersion = 10.0.40219.1
Project("{FAE04EC0-301F-11D3-BF4B-00C04F79EFBC}") = "WpfPrismApplication3", "WpfPrismApplication3\WpfPrismApplication3.csproj", "{16A7F89E-EC77-47F3-B0D8-4BF019552A77}"
EndProject
Project("{FAE04EC0-301F-11D3-BF4B-00C04F79EFBC}") = "WpfControlLibrary1", "WpfControlLibrary1\WpfControlLibrary1.csproj", "{590B43E9-78E6-4498-AC89-CFEBB52F0F7B}"
EndProject
Project("{FAE04EC0-301F-11D3-BF4B-00C04F79EFBC}") = "Common", "Common\Common.csproj", "{5661E6B0-78CD-495E-942C-5DDD4F9D5CCC}"
EndProject
Global
	GlobalSection(SolutionConfigurationPlatforms) = preSolution
		Debug|Any CPU = Debug|Any CPU
		Release|Any CPU = Release|Any CPU
	EndGlobalSection
	GlobalSection(ProjectConfigurationPlatforms) = postSolution
		{16A7F89E-EC77-47F3-B0D8-4BF019552A77}.Debug|Any CPU.ActiveCfg = Debug|Any CPU
		{16A7F89E-EC77-47F3-B0D8-4BF019552A77}.Debug|Any CPU.Build.0 = Debug|Any CPU
		{16A7F89E-EC77-47F3-B0D8-4BF019552A77}.Release|Any CPU.ActiveCfg = Release|Any CPU
		{16A7F89E-EC77-47F3-B0D8-4BF019552A77}.Release|Any CPU.Build.0 = Release|Any CPU
		{590B43E9-78E6-4498-AC89-CFEBB52F0F7B}.Debug|Any CPU.ActiveCfg = Debug|Any CPU
		{590B43E9-78E6-4498-AC89-CFEBB52F0F7B}.Debug|Any CPU.Build.0 = Debug|Any CPU
		{590B43E9-78E6-4498-AC89-CFEBB52F0F7B}.Release|Any CPU.ActiveCfg = Release|Any CPU
		{590B43E9-78E6-4498-AC89-CFEBB52F0F7B}.Release|Any CPU.Build.0 = Release|Any CPU
		{5661E6B0-78CD-495E-942C-5DDD4F9D5CCC}.Debug|Any CPU.ActiveCfg = Debug|Any CPU
		{5661E6B0-78CD-495E-942C-5DDD4F9D5CCC}.Debug|Any CPU.Build.0 = Debug|Any CPU
		{5661E6B0-78CD-495E-942C-5DDD4F9D5CCC}.Release|Any CPU.ActiveCfg = Release|Any CPU
		{5661E6B0-78CD-495E-942C-5DDD4F9D5CCC}.Release|Any CPU.Build.0 = Release|Any CPU
	EndGlobalSection
	GlobalSection(SolutionProperties) = preSolution
		HideSolutionNode = FALSE
	EndGlobalSection
EndGlobal
