
Microsoft Visual Studio Solution File, Format Version 10.00
# Visual Studio 2008
Project("{FAE04EC0-301F-11D3-BF4B-00C04F79EFBC}") = "RuntimeEventHandlers", "RuntimeEventHandlers\RuntimeEventHandlers.csproj", "{7780DFDD-78B8-4D47-A256-91FD241E8A4D}"
EndProject
Global
	GlobalSection(SolutionConfigurationPlatforms) = preSolution
		Debug|Any CPU = Debug|Any CPU
		Release|Any CPU = Release|Any CPU
	EndGlobalSection
	GlobalSection(ProjectConfigurationPlatforms) = postSolution
		{7780DFDD-78B8-4D47-A256-91FD241E8A4D}.Debug|Any CPU.ActiveCfg = Debug|Any CPU
		{7780DFDD-78B8-4D47-A256-91FD241E8A4D}.Debug|Any CPU.Build.0 = Debug|Any CPU
		{7780DFDD-78B8-4D47-A256-91FD241E8A4D}.Release|Any CPU.ActiveCfg = Release|Any CPU
		{7780DFDD-78B8-4D47-A256-91FD241E8A4D}.Release|Any CPU.Build.0 = Release|Any CPU
	EndGlobalSection
EndGlobal
